<?xml version="1.0" encoding="utf-8"?>
<Solution>
  <Project Path="content/LogicMonitor.Cli.csproj" />
  <Folder Name="/Solution Items/">
    <File Path=".gitignore" />
    <File Path="CONTRIBUTING.md" />
    <File Path="Directory.Build.props" />
    <File Path="global.json" />
    <File Path="LICENSE" />
    <File Path="README.md" />
    <File Path="SECURITY.md" />
    <File Path="version.json" />
  </Folder>
</Solution>